// !$*UTF8*$!
{
	archiveVersion = 1;
	classes = {
	};
	objectVersion = 50;
	objects = {

/* Begin PBXBuildFile section */
		5F0149522204BE650062DAF0 /* AppDelegate.m in Sources */ = {isa = PBXBuildFile; fileRef = 5F0149512204BE650062DAF0 /* AppDelegate.m */; };
		5F0149552204BE650062DAF0 /* ViewController.m in Sources */ = {isa = PBXBuildFile; fileRef = 5F0149542204BE650062DAF0 /* ViewController.m */; };
		5F0149582204BE650062DAF0 /* Main.storyboard in Resources */ = {isa = PBXBuildFile; fileRef = 5F0149562204BE650062DAF0 /* Main.storyboard */; };
		5F01495A2204BE660062DAF0 /* Assets.xcassets in Resources */ = {isa = PBXBuildFile; fileRef = 5F0149592204BE660062DAF0 /* Assets.xcassets */; };
		5F01495D2204BE660062DAF0 /* LaunchScreen.storyboard in Resources */ = {isa = PBXBuildFile; fileRef = 5F01495B2204BE660062DAF0 /* LaunchScreen.storyboard */; };
		5F0149602204BE660062DAF0 /* main.m in Sources */ = {isa = PBXBuildFile; fileRef = 5F01495F2204BE660062DAF0 /* main.m */; };
		5F01497B2204C5560062DAF0 /* NodeRegistry.m in Sources */ = {isa = PBXBuildFile; fileRef = 5F01497A2204C5560062DAF0 /* NodeRegistry.m */; };
		5F0149B1222520A90062DAF0 /* DraggableView.m in Sources */ = {isa = PBXBuildFile; fileRef = 5F0149B0222520A90062DAF0 /* DraggableView.m */; };
		5F0149B8223033B40062DAF0 /* NodeView.m in Sources */ = {isa = PBXBuildFile; fileRef = 5F0149B7223033B40062DAF0 /* NodeView.m */; };
		5F0149BC223186190062DAF0 /* ConnectionLineView.m in Sources */ = {isa = PBXBuildFile; fileRef = 5F0149BA2231851E0062DAF0 /* ConnectionLineView.m */; };
		5F0149BF22379DE10062DAF0 /* NodeInputView.m in Sources */ = {isa = PBXBuildFile; fileRef = 5F0149BE22379DE10062DAF0 /* NodeInputView.m */; };
		5F0149C2223970CD0062DAF0 /* NodeOutputView.m in Sources */ = {isa = PBXBuildFile; fileRef = 5F0149C1223970CD0062DAF0 /* NodeOutputView.m */; };
		5F0149C82240CE980062DAF0 /* NodeConnectionView.m in Sources */ = {isa = PBXBuildFile; fileRef = 5F0149C72240CE980062DAF0 /* NodeConnectionView.m */; };
		5FB2E264231DB70E00E0A857 /* NodeGraph.framework in Frameworks */ = {isa = PBXBuildFile; fileRef = 5FED72372304A4D1005B5AB6 /* NodeGraph.framework */; };
		5FB2E265231DB72E00E0A857 /* NodeGraph.framework in Embed Frameworks */ = {isa = PBXBuildFile; fileRef = 5FED72372304A4D1005B5AB6 /* NodeGraph.framework */; settings = {ATTRIBUTES = (CodeSignOnCopy, RemoveHeadersOnCopy, ); }; };
		5FFE8B8A2265B19C00377A6D /* NodeGraphView.m in Sources */ = {isa = PBXBuildFile; fileRef = 5FFE8B892265B19C00377A6D /* NodeGraphView.m */; };
/* End PBXBuildFile section */

/* Begin PBXContainerItemProxy section */
		5FED72362304A4D1005B5AB6 /* PBXContainerItemProxy */ = {
			isa = PBXContainerItemProxy;
			containerPortal = 5F0149672204BEA50062DAF0 /* NodeGraph.xcodeproj */;
			proxyType = 2;
			remoteGlobalIDString = 405038E821FC814A005B1585;
			remoteInfo = "NodeGraph-ios";
		};
		5FED72382304A4D1005B5AB6 /* PBXContainerItemProxy */ = {
			isa = PBXContainerItemProxy;
			containerPortal = 5F0149672204BEA50062DAF0 /* NodeGraph.xcodeproj */;
			proxyType = 2;
			remoteGlobalIDString = 405038F121FC814A005B1585;
			remoteInfo = NodeGraphTests;
		};
		5FED723A2304A4D1005B5AB6 /* PBXContainerItemProxy */ = {
			isa = PBXContainerItemProxy;
			containerPortal = 5F0149672204BEA50062DAF0 /* NodeGraph.xcodeproj */;
			proxyType = 2;
			remoteGlobalIDString = 40C08F612210C34500FD01AE;
			remoteInfo = "NodeGraph-macos";
		};
		5FED723C2304A4EF005B5AB6 /* PBXContainerItemProxy */ = {
			isa = PBXContainerItemProxy;
			containerPortal = 5F0149672204BEA50062DAF0 /* NodeGraph.xcodeproj */;
			proxyType = 1;
			remoteGlobalIDString = 405038E721FC814A005B1585;
			remoteInfo = "NodeGraph-ios";
		};
/* End PBXContainerItemProxy section */

/* Begin PBXCopyFilesBuildPhase section */
		5F0149742204BECB0062DAF0 /* Embed Frameworks */ = {
			isa = PBXCopyFilesBuildPhase;
			buildActionMask = 2147483647;
			dstPath = "";
			dstSubfolderSpec = 10;
			files = (
				5FB2E265231DB72E00E0A857 /* NodeGraph.framework in Embed Frameworks */,
			);
			name = "Embed Frameworks";
			runOnlyForDeploymentPostprocessing = 0;
		};
/* End PBXCopyFilesBuildPhase section */

/* Begin PBXFileReference section */
		5F01494D2204BE650062DAF0 /* NodeGraphUI.app */ = {isa = PBXFileReference; explicitFileType = wrapper.application; includeInIndex = 0; path = NodeGraphUI.app; sourceTree = BUILT_PRODUCTS_DIR; };
		5F0149502204BE650062DAF0 /* AppDelegate.h */ = {isa = PBXFileReference; lastKnownFileType = sourcecode.c.h; path = AppDelegate.h; sourceTree = "<group>"; };
		5F0149512204BE650062DAF0 /* AppDelegate.m */ = {isa = PBXFileReference; lastKnownFileType = sourcecode.c.objc; path = AppDelegate.m; sourceTree = "<group>"; };
		5F0149532204BE650062DAF0 /* ViewController.h */ = {isa = PBXFileReference; lastKnownFileType = sourcecode.c.h; path = ViewController.h; sourceTree = "<group>"; };
		5F0149542204BE650062DAF0 /* ViewController.m */ = {isa = PBXFileReference; lastKnownFileType = sourcecode.c.objc; path = ViewController.m; sourceTree = "<group>"; };
		5F0149572204BE650062DAF0 /* Base */ = {isa = PBXFileReference; lastKnownFileType = file.storyboard; name = Base; path = Base.lproj/Main.storyboard; sourceTree = "<group>"; };
		5F0149592204BE660062DAF0 /* Assets.xcassets */ = {isa = PBXFileReference; lastKnownFileType = folder.assetcatalog; path = Assets.xcassets; sourceTree = "<group>"; };
		5F01495C2204BE660062DAF0 /* Base */ = {isa = PBXFileReference; lastKnownFileType = file.storyboard; name = Base; path = Base.lproj/LaunchScreen.storyboard; sourceTree = "<group>"; };
		5F01495E2204BE660062DAF0 /* Info.plist */ = {isa = PBXFileReference; lastKnownFileType = text.plist.xml; path = Info.plist; sourceTree = "<group>"; };
		5F01495F2204BE660062DAF0 /* main.m */ = {isa = PBXFileReference; lastKnownFileType = sourcecode.c.objc; path = main.m; sourceTree = "<group>"; };
		5F0149672204BEA50062DAF0 /* NodeGraph.xcodeproj */ = {isa = PBXFileReference; lastKnownFileType = "wrapper.pb-project"; name = NodeGraph.xcodeproj; path = "submodules/node-graph-objc/NodeGraph.xcodeproj"; sourceTree = "<group>"; };
		5F0149792204C5560062DAF0 /* NodeRegistry.h */ = {isa = PBXFileReference; lastKnownFileType = sourcecode.c.h; path = NodeRegistry.h; sourceTree = "<group>"; };
		5F01497A2204C5560062DAF0 /* NodeRegistry.m */ = {isa = PBXFileReference; lastKnownFileType = sourcecode.c.objc; path = NodeRegistry.m; sourceTree = "<group>"; };
		5F0149AF222520A90062DAF0 /* DraggableView.h */ = {isa = PBXFileReference; lastKnownFileType = sourcecode.c.h; path = DraggableView.h; sourceTree = "<group>"; };
		5F0149B0222520A90062DAF0 /* DraggableView.m */ = {isa = PBXFileReference; lastKnownFileType = sourcecode.c.objc; path = DraggableView.m; sourceTree = "<group>"; };
		5F0149B6223033B40062DAF0 /* NodeView.h */ = {isa = PBXFileReference; lastKnownFileType = sourcecode.c.h; path = NodeView.h; sourceTree = "<group>"; };
		5F0149B7223033B40062DAF0 /* NodeView.m */ = {isa = PBXFileReference; lastKnownFileType = sourcecode.c.objc; path = NodeView.m; sourceTree = "<group>"; };
		5F0149B92231851E0062DAF0 /* ConnectionLineView.h */ = {isa = PBXFileReference; lastKnownFileType = sourcecode.c.h; path = ConnectionLineView.h; sourceTree = "<group>"; };
		5F0149BA2231851E0062DAF0 /* ConnectionLineView.m */ = {isa = PBXFileReference; lastKnownFileType = sourcecode.c.objc; path = ConnectionLineView.m; sourceTree = "<group>"; };
		5F0149BD22379DE10062DAF0 /* NodeInputView.h */ = {isa = PBXFileReference; lastKnownFileType = sourcecode.c.h; path = NodeInputView.h; sourceTree = "<group>"; };
		5F0149BE22379DE10062DAF0 /* NodeInputView.m */ = {isa = PBXFileReference; lastKnownFileType = sourcecode.c.objc; path = NodeInputView.m; sourceTree = "<group>"; };
		5F0149C0223970CD0062DAF0 /* NodeOutputView.h */ = {isa = PBXFileReference; lastKnownFileType = sourcecode.c.h; path = NodeOutputView.h; sourceTree = "<group>"; };
		5F0149C1223970CD0062DAF0 /* NodeOutputView.m */ = {isa = PBXFileReference; lastKnownFileType = sourcecode.c.objc; path = NodeOutputView.m; sourceTree = "<group>"; };
		5F0149C62240CE980062DAF0 /* NodeConnectionView.h */ = {isa = PBXFileReference; lastKnownFileType = sourcecode.c.h; path = NodeConnectionView.h; sourceTree = "<group>"; };
		5F0149C72240CE980062DAF0 /* NodeConnectionView.m */ = {isa = PBXFileReference; lastKnownFileType = sourcecode.c.objc; path = NodeConnectionView.m; sourceTree = "<group>"; };
		5FFE8B882265B19C00377A6D /* NodeGraphView.h */ = {isa = PBXFileReference; lastKnownFileType = sourcecode.c.h; path = NodeGraphView.h; sourceTree = "<group>"; };
		5FFE8B892265B19C00377A6D /* NodeGraphView.m */ = {isa = PBXFileReference; lastKnownFileType = sourcecode.c.objc; path = NodeGraphView.m; sourceTree = "<group>"; };
/* End PBXFileReference section */

/* Begin PBXFrameworksBuildPhase section */
		5F01494A2204BE650062DAF0 /* Frameworks */ = {
			isa = PBXFrameworksBuildPhase;
			buildActionMask = 2147483647;
			files = (
				5FB2E264231DB70E00E0A857 /* NodeGraph.framework in Frameworks */,
			);
			runOnlyForDeploymentPostprocessing = 0;
		};
/* End PBXFrameworksBuildPhase section */

/* Begin PBXGroup section */
		5F0149442204BE650062DAF0 = {
			isa = PBXGroup;
			children = (
				5F01494F2204BE650062DAF0 /* NodeGraphUI */,
				5F01494E2204BE650062DAF0 /* Products */,
				5F0149662204BE980062DAF0 /* Frameworks */,
			);
			sourceTree = "<group>";
		};
		5F01494E2204BE650062DAF0 /* Products */ = {
			isa = PBXGroup;
			children = (
				5F01494D2204BE650062DAF0 /* NodeGraphUI.app */,
			);
			name = Products;
			sourceTree = "<group>";
		};
		5F01494F2204BE650062DAF0 /* NodeGraphUI */ = {
			isa = PBXGroup;
			children = (
				5F0149752204BF990062DAF0 /* NodeGraphViews */,
				5F0149502204BE650062DAF0 /* AppDelegate.h */,
				5F0149512204BE650062DAF0 /* AppDelegate.m */,
				5F0149532204BE650062DAF0 /* ViewController.h */,
				5F0149542204BE650062DAF0 /* ViewController.m */,
				5F0149562204BE650062DAF0 /* Main.storyboard */,
				5F0149592204BE660062DAF0 /* Assets.xcassets */,
				5F01495B2204BE660062DAF0 /* LaunchScreen.storyboard */,
				5F01495E2204BE660062DAF0 /* Info.plist */,
				5F01495F2204BE660062DAF0 /* main.m */,
			);
			path = NodeGraphUI;
			sourceTree = "<group>";
		};
		5F0149662204BE980062DAF0 /* Frameworks */ = {
			isa = PBXGroup;
			children = (
				5F0149672204BEA50062DAF0 /* NodeGraph.xcodeproj */,
			);
			name = Frameworks;
			sourceTree = "<group>";
		};
		5F0149752204BF990062DAF0 /* NodeGraphViews */ = {
			isa = PBXGroup;
			children = (
				5F0149792204C5560062DAF0 /* NodeRegistry.h */,
				5F01497A2204C5560062DAF0 /* NodeRegistry.m */,
				5F0149AF222520A90062DAF0 /* DraggableView.h */,
				5F0149B0222520A90062DAF0 /* DraggableView.m */,
				5F0149B6223033B40062DAF0 /* NodeView.h */,
				5F0149B7223033B40062DAF0 /* NodeView.m */,
				5F0149B92231851E0062DAF0 /* ConnectionLineView.h */,
				5F0149BA2231851E0062DAF0 /* ConnectionLineView.m */,
				5F0149C62240CE980062DAF0 /* NodeConnectionView.h */,
				5F0149C72240CE980062DAF0 /* NodeConnectionView.m */,
				5F0149BD22379DE10062DAF0 /* NodeInputView.h */,
				5F0149BE22379DE10062DAF0 /* NodeInputView.m */,
				5F0149C0223970CD0062DAF0 /* NodeOutputView.h */,
				5F0149C1223970CD0062DAF0 /* NodeOutputView.m */,
				5FFE8B882265B19C00377A6D /* NodeGraphView.h */,
				5FFE8B892265B19C00377A6D /* NodeGraphView.m */,
			);
			path = NodeGraphViews;
			sourceTree = "<group>";
		};
		5FED72312304A4D0005B5AB6 /* Products */ = {
			isa = PBXGroup;
			children = (
				5FED72372304A4D1005B5AB6 /* NodeGraph.framework */,
				5FED72392304A4D1005B5AB6 /* NodeGraphTests.xctest */,
				5FED723B2304A4D1005B5AB6 /* NodeGraph.framework */,
			);
			name = Products;
			sourceTree = "<group>";
		};
/* End PBXGroup section */

/* Begin PBXNativeTarget section */
		5F01494C2204BE650062DAF0 /* NodeGraphUI */ = {
			isa = PBXNativeTarget;
			buildConfigurationList = 5F0149632204BE660062DAF0 /* Build configuration list for PBXNativeTarget "NodeGraphUI" */;
			buildPhases = (
				5F0149492204BE650062DAF0 /* Sources */,
				5F01494A2204BE650062DAF0 /* Frameworks */,
				5F01494B2204BE650062DAF0 /* Resources */,
				5F0149742204BECB0062DAF0 /* Embed Frameworks */,
			);
			buildRules = (
			);
			dependencies = (
				5FED723D2304A4EF005B5AB6 /* PBXTargetDependency */,
			);
			name = NodeGraphUI;
			productName = NodleUI;
			productReference = 5F01494D2204BE650062DAF0 /* NodeGraphUI.app */;
			productType = "com.apple.product-type.application";
		};
/* End PBXNativeTarget section */

/* Begin PBXProject section */
		5F0149452204BE650062DAF0 /* Project object */ = {
			isa = PBXProject;
			attributes = {
				LastUpgradeCheck = 1010;
				ORGANIZATIONNAME = Nodle;
				TargetAttributes = {
					5F01494C2204BE650062DAF0 = {
						CreatedOnToolsVersion = 10.1;
					};
				};
			};
			buildConfigurationList = 5F0149482204BE650062DAF0 /* Build configuration list for PBXProject "NodeGraphUI" */;
			compatibilityVersion = "Xcode 9.3";
			developmentRegion = en;
			hasScannedForEncodings = 0;
			knownRegions = (
				en,
				Base,
			);
			mainGroup = 5F0149442204BE650062DAF0;
			productRefGroup = 5F01494E2204BE650062DAF0 /* Products */;
			projectDirPath = "";
			projectReferences = (
				{
					ProductGroup = 5FED72312304A4D0005B5AB6 /* Products */;
					ProjectRef = 5F0149672204BEA50062DAF0 /* NodeGraph.xcodeproj */;
				},
			);
			projectRoot = "";
			targets = (
				5F01494C2204BE650062DAF0 /* NodeGraphUI */,
			);
		};
/* End PBXProject section */

/* Begin PBXReferenceProxy section */
		5FED72372304A4D1005B5AB6 /* NodeGraph.framework */ = {
			isa = PBXReferenceProxy;
			fileType = wrapper.framework;
			path = NodeGraph.framework;
			remoteRef = 5FED72362304A4D1005B5AB6 /* PBXContainerItemProxy */;
			sourceTree = BUILT_PRODUCTS_DIR;
		};
		5FED72392304A4D1005B5AB6 /* NodeGraphTests.xctest */ = {
			isa = PBXReferenceProxy;
			fileType = wrapper.cfbundle;
			path = NodeGraphTests.xctest;
			remoteRef = 5FED72382304A4D1005B5AB6 /* PBXContainerItemProxy */;
			sourceTree = BUILT_PRODUCTS_DIR;
		};
		5FED723B2304A4D1005B5AB6 /* NodeGraph.framework */ = {
			isa = PBXReferenceProxy;
			fileType = wrapper.framework;
			path = NodeGraph.framework;
			remoteRef = 5FED723A2304A4D1005B5AB6 /* PBXContainerItemProxy */;
			sourceTree = BUILT_PRODUCTS_DIR;
		};
/* End PBXReferenceProxy section */

/* Begin PBXResourcesBuildPhase section */
		5F01494B2204BE650062DAF0 /* Resources */ = {
			isa = PBXResourcesBuildPhase;
			buildActionMask = 2147483647;
			files = (
				5F01495D2204BE660062DAF0 /* LaunchScreen.storyboard in Resources */,
				5F01495A2204BE660062DAF0 /* Assets.xcassets in Resources */,
				5F0149582204BE650062DAF0 /* Main.storyboard in Resources */,
			);
			runOnlyForDeploymentPostprocessing = 0;
		};
/* End PBXResourcesBuildPhase section */

/* Begin PBXSourcesBuildPhase section */
		5F0149492204BE650062DAF0 /* Sources */ = {
			isa = PBXSourcesBuildPhase;
			buildActionMask = 2147483647;
			files = (
				5F0149552204BE650062DAF0 /* ViewController.m in Sources */,
				5F0149B1222520A90062DAF0 /* DraggableView.m in Sources */,
				5F0149B8223033B40062DAF0 /* NodeView.m in Sources */,
				5F0149BF22379DE10062DAF0 /* NodeInputView.m in Sources */,
				5F0149602204BE660062DAF0 /* main.m in Sources */,
				5F0149C2223970CD0062DAF0 /* NodeOutputView.m in Sources */,
				5F0149C82240CE980062DAF0 /* NodeConnectionView.m in Sources */,
				5F0149522204BE650062DAF0 /* AppDelegate.m in Sources */,
				5F0149BC223186190062DAF0 /* ConnectionLineView.m in Sources */,
				5F01497B2204C5560062DAF0 /* NodeRegistry.m in Sources */,
				5FFE8B8A2265B19C00377A6D /* NodeGraphView.m in Sources */,
			);
			runOnlyForDeploymentPostprocessing = 0;
		};
/* End PBXSourcesBuildPhase section */

/* Begin PBXTargetDependency section */
		5FED723D2304A4EF005B5AB6 /* PBXTargetDependency */ = {
			isa = PBXTargetDependency;
			name = "NodeGraph-ios";
			targetProxy = 5FED723C2304A4EF005B5AB6 /* PBXContainerItemProxy */;
		};
/* End PBXTargetDependency section */

/* Begin PBXVariantGroup section */
		5F0149562204BE650062DAF0 /* Main.storyboard */ = {
			isa = PBXVariantGroup;
			children = (
				5F0149572204BE650062DAF0 /* Base */,
			);
			name = Main.storyboard;
			sourceTree = "<group>";
		};
		5F01495B2204BE660062DAF0 /* LaunchScreen.storyboard */ = {
			isa = PBXVariantGroup;
			children = (
				5F01495C2204BE660062DAF0 /* Base */,
			);
			name = LaunchScreen.storyboard;
			sourceTree = "<group>";
		};
/* End PBXVariantGroup section */

/* Begin XCBuildConfiguration section */
		5F0149612204BE660062DAF0 /* Debug */ = {
			isa = XCBuildConfiguration;
			buildSettings = {
				ALWAYS_SEARCH_USER_PATHS = NO;
				CLANG_ANALYZER_NONNULL = YES;
				CLANG_ANALYZER_NUMBER_OBJECT_CONVERSION = YES_AGGRESSIVE;
				CLANG_CXX_LANGUAGE_STANDARD = "gnu++14";
				CLANG_CXX_LIBRARY = "libc++";
				CLANG_ENABLE_MODULES = YES;
				CLANG_ENABLE_OBJC_ARC = YES;
				CLANG_ENABLE_OBJC_WEAK = YES;
				CLANG_WARN_BLOCK_CAPTURE_AUTORELEASING = YES;
				CLANG_WARN_BOOL_CONVERSION = YES;
				CLANG_WARN_COMMA = YES;
				CLANG_WARN_CONSTANT_CONVERSION = YES;
				CLANG_WARN_DEPRECATED_OBJC_IMPLEMENTATIONS = YES;
				CLANG_WARN_DIRECT_OBJC_ISA_USAGE = YES_ERROR;
				CLANG_WARN_DOCUMENTATION_COMMENTS = YES;
				CLANG_WARN_EMPTY_BODY = YES;
				CLANG_WARN_ENUM_CONVERSION = YES;
				CLANG_WARN_INFINITE_RECURSION = YES;
				CLANG_WARN_INT_CONVERSION = YES;
				CLANG_WARN_NON_LITERAL_NULL_CONVERSION = YES;
				CLANG_WARN_OBJC_IMPLICIT_RETAIN_SELF = YES;
				CLANG_WARN_OBJC_LITERAL_CONVERSION = YES;
				CLANG_WARN_OBJC_ROOT_CLASS = YES_ERROR;
				CLANG_WARN_RANGE_LOOP_ANALYSIS = YES;
				CLANG_WARN_STRICT_PROTOTYPES = YES;
				CLANG_WARN_SUSPICIOUS_MOVE = YES;
				CLANG_WARN_UNGUARDED_AVAILABILITY = YES_AGGRESSIVE;
				CLANG_WARN_UNREACHABLE_CODE = YES;
				CLANG_WARN__DUPLICATE_METHOD_MATCH = YES;
				CODE_SIGN_IDENTITY = "iPhone Developer";
				COPY_PHASE_STRIP = NO;
				DEBUG_INFORMATION_FORMAT = dwarf;
				ENABLE_STRICT_OBJC_MSGSEND = YES;
				ENABLE_TESTABILITY = YES;
				GCC_C_LANGUAGE_STANDARD = gnu11;
				GCC_DYNAMIC_NO_PIC = NO;
				GCC_NO_COMMON_BLOCKS = YES;
				GCC_OPTIMIZATION_LEVEL = 0;
				GCC_PREPROCESSOR_DEFINITIONS = (
					"DEBUG=1",
					"$(inherited)",
				);
				GCC_WARN_64_TO_32_BIT_CONVERSION = YES;
				GCC_WARN_ABOUT_RETURN_TYPE = YES_ERROR;
				GCC_WARN_UNDECLARED_SELECTOR = YES;
				GCC_WARN_UNINITIALIZED_AUTOS = YES_AGGRESSIVE;
				GCC_WARN_UNUSED_FUNCTION = YES;
				GCC_WARN_UNUSED_VARIABLE = YES;
				IPHONEOS_DEPLOYMENT_TARGET = 12.1;
				MTL_ENABLE_DEBUG_INFO = INCLUDE_SOURCE;
				MTL_FAST_MATH = YES;
				ONLY_ACTIVE_ARCH = YES;
				SDKROOT = iphoneos;
			};
			name = Debug;
		};
		5F0149622204BE660062DAF0 /* Release */ = {
			isa = XCBuildConfiguration;
			buildSettings = {
				ALWAYS_SEARCH_USER_PATHS = NO;
				CLANG_ANALYZER_NONNULL = YES;
				CLANG_ANALYZER_NUMBER_OBJECT_CONVERSION = YES_AGGRESSIVE;
				CLANG_CXX_LANGUAGE_STANDARD = "gnu++14";
				CLANG_CXX_LIBRARY = "libc++";
				CLANG_ENABLE_MODULES = YES;
				CLANG_ENABLE_OBJC_ARC = YES;
				CLANG_ENABLE_OBJC_WEAK = YES;
				CLANG_WARN_BLOCK_CAPTURE_AUTORELEASING = YES;
				CLANG_WARN_BOOL_CONVERSION = YES;
				CLANG_WARN_COMMA = YES;
				CLANG_WARN_CONSTANT_CONVERSION = YES;
				CLANG_WARN_DEPRECATED_OBJC_IMPLEMENTATIONS = YES;
				CLANG_WARN_DIRECT_OBJC_ISA_USAGE = YES_ERROR;
				CLANG_WARN_DOCUMENTATION_COMMENTS = YES;
				CLANG_WARN_EMPTY_BODY = YES;
				CLANG_WARN_ENUM_CONVERSION = YES;
				CLANG_WARN_INFINITE_RECURSION = YES;
				CLANG_WARN_INT_CONVERSION = YES;
				CLANG_WARN_NON_LITERAL_NULL_CONVERSION = YES;
				CLANG_WARN_OBJC_IMPLICIT_RETAIN_SELF = YES;
				CLANG_WARN_OBJC_LITERAL_CONVERSION = YES;
				CLANG_WARN_OBJC_ROOT_CLASS = YES_ERROR;
				CLANG_WARN_RANGE_LOOP_ANALYSIS = YES;
				CLANG_WARN_STRICT_PROTOTYPES = YES;
				CLANG_WARN_SUSPICIOUS_MOVE = YES;
				CLANG_WARN_UNGUARDED_AVAILABILITY = YES_AGGRESSIVE;
				CLANG_WARN_UNREACHABLE_CODE = YES;
				CLANG_WARN__DUPLICATE_METHOD_MATCH = YES;
				CODE_SIGN_IDENTITY = "iPhone Developer";
				COPY_PHASE_STRIP = NO;
				DEBUG_INFORMATION_FORMAT = "dwarf-with-dsym";
				ENABLE_NS_ASSERTIONS = NO;
				ENABLE_STRICT_OBJC_MSGSEND = YES;
				GCC_C_LANGUAGE_STANDARD = gnu11;
				GCC_NO_COMMON_BLOCKS = YES;
				GCC_WARN_64_TO_32_BIT_CONVERSION = YES;
				GCC_WARN_ABOUT_RETURN_TYPE = YES_ERROR;
				GCC_WARN_UNDECLARED_SELECTOR = YES;
				GCC_WARN_UNINITIALIZED_AUTOS = YES_AGGRESSIVE;
				GCC_WARN_UNUSED_FUNCTION = YES;
				GCC_WARN_UNUSED_VARIABLE = YES;
				IPHONEOS_DEPLOYMENT_TARGET = 12.1;
				MTL_ENABLE_DEBUG_INFO = NO;
				MTL_FAST_MATH = YES;
				SDKROOT = iphoneos;
				VALIDATE_PRODUCT = YES;
			};
			name = Release;
		};
		5F0149642204BE660062DAF0 /* Debug */ = {
			isa = XCBuildConfiguration;
			buildSettings = {
				ASSETCATALOG_COMPILER_APPICON_NAME = AppIcon;
				CODE_SIGN_STYLE = Automatic;
				DEVELOPMENT_TEAM = WFU5WSAQXA;
				INFOPLIST_FILE = NodeGraphUI/Info.plist;
				LD_RUNPATH_SEARCH_PATHS = (
					"$(inherited)",
					"@executable_path/Frameworks",
				);
				PRODUCT_BUNDLE_IDENTIFIER = "com.node-graph.NodeGraphUI";
				PRODUCT_NAME = "$(TARGET_NAME)";
				TARGETED_DEVICE_FAMILY = "1,2";
			};
			name = Debug;
		};
		5F0149652204BE660062DAF0 /* Release */ = {
			isa = XCBuildConfiguration;
			buildSettings = {
				ASSETCATALOG_COMPILER_APPICON_NAME = AppIcon;
				CODE_SIGN_STYLE = Automatic;
				DEVELOPMENT_TEAM = WFU5WSAQXA;
				INFOPLIST_FILE = NodeGraphUI/Info.plist;
				LD_RUNPATH_SEARCH_PATHS = (
					"$(inherited)",
					"@executable_path/Frameworks",
				);
				PRODUCT_BUNDLE_IDENTIFIER = "com.node-graph.NodeGraphUI";
				PRODUCT_NAME = "$(TARGET_NAME)";
				TARGETED_DEVICE_FAMILY = "1,2";
			};
			name = Release;
		};
/* End XCBuildConfiguration section */

/* Begin XCConfigurationList section */
		5F0149482204BE650062DAF0 /* Build configuration list for PBXProject "NodeGraphUI" */ = {
			isa = XCConfigurationList;
			buildConfigurations = (
				5F0149612204BE660062DAF0 /* Debug */,
				5F0149622204BE660062DAF0 /* Release */,
			);
			defaultConfigurationIsVisible = 0;
			defaultConfigurationName = Release;
		};
		5F0149632204BE660062DAF0 /* Build configuration list for PBXNativeTarget "NodeGraphUI" */ = {
			isa = XCConfigurationList;
			buildConfigurations = (
				5F0149642204BE660062DAF0 /* Debug */,
				5F0149652204BE660062DAF0 /* Release */,
			);
			defaultConfigurationIsVisible = 0;
			defaultConfigurationName = Release;
		};
/* End XCConfigurationList section */
	};
	rootObject = 5F0149452204BE650062DAF0 /* Project object */;
}
